// !$*UTF8*$!
{
	archiveVersion = 1;
	classes = {
	};
	objectVersion = 56;
	objects = {

/* Begin PBXBuildFile section */
		5914871E2A9BB2BE001C5173 /* AppDelegate.swift in Sources */ = {isa = PBXBuildFile; fileRef = 5914871D2A9BB2BE001C5173 /* AppDelegate.swift */; };
		591487202A9BB2BE001C5173 /* SceneDelegate.swift in Sources */ = {isa = PBXBuildFile; fileRef = 5914871F2A9BB2BE001C5173 /* SceneDelegate.swift */; };
		591487222A9BB2BE001C5173 /* ViewController.swift in Sources */ = {isa = PBXBuildFile; fileRef = 591487212A9BB2BE001C5173 /* ViewController.swift */; };
		591487272A9BB2C0001C5173 /* Assets.xcassets in Resources */ = {isa = PBXBuildFile; fileRef = 591487262A9BB2C0001C5173 /* Assets.xcassets */; };
		5914872A2A9BB2C0001C5173 /* LaunchScreen.storyboard in Resources */ = {isa = PBXBuildFile; fileRef = 591487282A9BB2C0001C5173 /* LaunchScreen.storyboard */; };
		591487322A9CAC5A001C5173 /* CustomCollectionCell.swift in Sources */ = {isa = PBXBuildFile; fileRef = 591487312A9CAC5A001C5173 /* CustomCollectionCell.swift */; };
		591487362A9CD778001C5173 /* CardViewController.swift in Sources */ = {isa = PBXBuildFile; fileRef = 591487352A9CD778001C5173 /* CardViewController.swift */; };
		591487392A9DE5CC001C5173 /* NetworkService.swift in Sources */ = {isa = PBXBuildFile; fileRef = 591487382A9DE5CB001C5173 /* NetworkService.swift */; };
		5914873C2A9DE87E001C5173 /* AdModel.swift in Sources */ = {isa = PBXBuildFile; fileRef = 5914873B2A9DE87E001C5173 /* AdModel.swift */; };
		5914873E2A9DF14B001C5173 /* CardModel.swift in Sources */ = {isa = PBXBuildFile; fileRef = 5914873D2A9DF14B001C5173 /* CardModel.swift */; };
		591487402A9E1961001C5173 /* AlertFactory.swift in Sources */ = {isa = PBXBuildFile; fileRef = 5914873F2A9E1961001C5173 /* AlertFactory.swift */; };
		591487432A9E1D21001C5173 /* CustomAlertView.swift in Sources */ = {isa = PBXBuildFile; fileRef = 591487422A9E1D21001C5173 /* CustomAlertView.swift */; };
		591487452A9E2E73001C5173 /* ImageLoader.swift in Sources */ = {isa = PBXBuildFile; fileRef = 591487442A9E2E73001C5173 /* ImageLoader.swift */; };
		591487472A9E3886001C5173 /* ColorConstants.swift in Sources */ = {isa = PBXBuildFile; fileRef = 591487462A9E3886001C5173 /* ColorConstants.swift */; };
/* End PBXBuildFile section */

/* Begin PBXFileReference section */
		5914871A2A9BB2BE001C5173 /* AvitoTest.app */ = {isa = PBXFileReference; explicitFileType = wrapper.application; includeInIndex = 0; path = AvitoTest.app; sourceTree = BUILT_PRODUCTS_DIR; };
		5914871D2A9BB2BE001C5173 /* AppDelegate.swift */ = {isa = PBXFileReference; lastKnownFileType = sourcecode.swift; path = AppDelegate.swift; sourceTree = "<group>"; };
		5914871F2A9BB2BE001C5173 /* SceneDelegate.swift */ = {isa = PBXFileReference; lastKnownFileType = sourcecode.swift; path = SceneDelegate.swift; sourceTree = "<group>"; };
		591487212A9BB2BE001C5173 /* ViewController.swift */ = {isa = PBXFileReference; lastKnownFileType = sourcecode.swift; path = ViewController.swift; sourceTree = "<group>"; };
		591487262A9BB2C0001C5173 /* Assets.xcassets */ = {isa = PBXFileReference; lastKnownFileType = folder.assetcatalog; path = Assets.xcassets; sourceTree = "<group>"; };
		591487292A9BB2C0001C5173 /* Base */ = {isa = PBXFileReference; lastKnownFileType = file.storyboard; name = Base; path = Base.lproj/LaunchScreen.storyboard; sourceTree = "<group>"; };
		5914872B2A9BB2C0001C5173 /* Info.plist */ = {isa = PBXFileReference; lastKnownFileType = text.plist.xml; path = Info.plist; sourceTree = "<group>"; };
		591487312A9CAC5A001C5173 /* CustomCollectionCell.swift */ = {isa = PBXFileReference; lastKnownFileType = sourcecode.swift; path = CustomCollectionCell.swift; sourceTree = "<group>"; };
		591487352A9CD778001C5173 /* CardViewController.swift */ = {isa = PBXFileReference; lastKnownFileType = sourcecode.swift; path = CardViewController.swift; sourceTree = "<group>"; };
		591487382A9DE5CB001C5173 /* NetworkService.swift */ = {isa = PBXFileReference; lastKnownFileType = sourcecode.swift; path = NetworkService.swift; sourceTree = "<group>"; };
		5914873B2A9DE87E001C5173 /* AdModel.swift */ = {isa = PBXFileReference; lastKnownFileType = sourcecode.swift; path = AdModel.swift; sourceTree = "<group>"; };
		5914873D2A9DF14B001C5173 /* CardModel.swift */ = {isa = PBXFileReference; lastKnownFileType = sourcecode.swift; path = CardModel.swift; sourceTree = "<group>"; };
		5914873F2A9E1961001C5173 /* AlertFactory.swift */ = {isa = PBXFileReference; lastKnownFileType = sourcecode.swift; path = AlertFactory.swift; sourceTree = "<group>"; };
		591487422A9E1D21001C5173 /* CustomAlertView.swift */ = {isa = PBXFileReference; lastKnownFileType = sourcecode.swift; path = CustomAlertView.swift; sourceTree = "<group>"; };
		591487442A9E2E73001C5173 /* ImageLoader.swift */ = {isa = PBXFileReference; lastKnownFileType = sourcecode.swift; path = ImageLoader.swift; sourceTree = "<group>"; };
		591487462A9E3886001C5173 /* ColorConstants.swift */ = {isa = PBXFileReference; lastKnownFileType = sourcecode.swift; path = ColorConstants.swift; sourceTree = "<group>"; };
/* End PBXFileReference section */

/* Begin PBXFrameworksBuildPhase section */
		591487172A9BB2BE001C5173 /* Frameworks */ = {
			isa = PBXFrameworksBuildPhase;
			buildActionMask = 2147483647;
			files = (
			);
			runOnlyForDeploymentPostprocessing = 0;
		};
/* End PBXFrameworksBuildPhase section */

/* Begin PBXGroup section */
		591487112A9BB2BE001C5173 = {
			isa = PBXGroup;
			children = (
				5914871C2A9BB2BE001C5173 /* AvitoTest */,
				5914871B2A9BB2BE001C5173 /* Products */,
			);
			sourceTree = "<group>";
		};
		5914871B2A9BB2BE001C5173 /* Products */ = {
			isa = PBXGroup;
			children = (
				5914871A2A9BB2BE001C5173 /* AvitoTest.app */,
			);
			name = Products;
			sourceTree = "<group>";
		};
		5914871C2A9BB2BE001C5173 /* AvitoTest */ = {
			isa = PBXGroup;
			children = (
				591487462A9E3886001C5173 /* ColorConstants.swift */,
				5914873F2A9E1961001C5173 /* AlertFactory.swift */,
				5914871D2A9BB2BE001C5173 /* AppDelegate.swift */,
				5914873A2A9DE815001C5173 /* Models */,
				5914871F2A9BB2BE001C5173 /* SceneDelegate.swift */,
				591487412A9E1D03001C5173 /* CustomView */,
				591487332A9CD66C001C5173 /* Controllers */,
				591487372A9DE5AD001C5173 /* NetworkService */,
				591487342A9CD6E2001C5173 /* CustomCells */,
				591487262A9BB2C0001C5173 /* Assets.xcassets */,
				591487282A9BB2C0001C5173 /* LaunchScreen.storyboard */,
				5914872B2A9BB2C0001C5173 /* Info.plist */,
			);
			path = AvitoTest;
			sourceTree = "<group>";
		};
		591487332A9CD66C001C5173 /* Controllers */ = {
			isa = PBXGroup;
			children = (
				591487212A9BB2BE001C5173 /* ViewController.swift */,
				591487352A9CD778001C5173 /* CardViewController.swift */,
			);
			name = Controllers;
			sourceTree = "<group>";
		};
		591487342A9CD6E2001C5173 /* CustomCells */ = {
			isa = PBXGroup;
			children = (
				591487312A9CAC5A001C5173 /* CustomCollectionCell.swift */,
			);
			path = CustomCells;
			sourceTree = "<group>";
		};
		591487372A9DE5AD001C5173 /* NetworkService */ = {
			isa = PBXGroup;
			children = (
				591487382A9DE5CB001C5173 /* NetworkService.swift */,
				591487442A9E2E73001C5173 /* ImageLoader.swift */,
			);
			name = NetworkService;
			path = CustomCells;
			sourceTree = "<group>";
		};
		5914873A2A9DE815001C5173 /* Models */ = {
			isa = PBXGroup;
			children = (
				5914873B2A9DE87E001C5173 /* AdModel.swift */,
				5914873D2A9DF14B001C5173 /* CardModel.swift */,
			);
			name = Models;
			sourceTree = "<group>";
		};
		591487412A9E1D03001C5173 /* CustomView */ = {
			isa = PBXGroup;
			children = (
				591487422A9E1D21001C5173 /* CustomAlertView.swift */,
			);
			name = CustomView;
			sourceTree = "<group>";
		};
/* End PBXGroup section */

/* Begin PBXNativeTarget section */
		591487192A9BB2BE001C5173 /* AvitoTest */ = {
			isa = PBXNativeTarget;
			buildConfigurationList = 5914872E2A9BB2C0001C5173 /* Build configuration list for PBXNativeTarget "AvitoTest" */;
			buildPhases = (
				591487162A9BB2BE001C5173 /* Sources */,
				591487172A9BB2BE001C5173 /* Frameworks */,
				591487182A9BB2BE001C5173 /* Resources */,
			);
			buildRules = (
			);
			dependencies = (
			);
			name = AvitoTest;
			productName = AvitoTest;
			productReference = 5914871A2A9BB2BE001C5173 /* AvitoTest.app */;
			productType = "com.apple.product-type.application";
		};
/* End PBXNativeTarget section */

/* Begin PBXProject section */
		591487122A9BB2BE001C5173 /* Project object */ = {
			isa = PBXProject;
			attributes = {
				BuildIndependentTargetsInParallel = 1;
				LastSwiftUpdateCheck = 1430;
				LastUpgradeCheck = 1430;
				TargetAttributes = {
					591487192A9BB2BE001C5173 = {
						CreatedOnToolsVersion = 14.3.1;
					};
				};
			};
			buildConfigurationList = 591487152A9BB2BE001C5173 /* Build configuration list for PBXProject "AvitoTest" */;
			compatibilityVersion = "Xcode 14.0";
			developmentRegion = en;
			hasScannedForEncodings = 0;
			knownRegions = (
				en,
				Base,
			);
			mainGroup = 591487112A9BB2BE001C5173;
			productRefGroup = 5914871B2A9BB2BE001C5173 /* Products */;
			projectDirPath = "";
			projectRoot = "";
			targets = (
				591487192A9BB2BE001C5173 /* AvitoTest */,
			);
		};
/* End PBXProject section */

/* Begin PBXResourcesBuildPhase section */
		591487182A9BB2BE001C5173 /* Resources */ = {
			isa = PBXResourcesBuildPhase;
			buildActionMask = 2147483647;
			files = (
				5914872A2A9BB2C0001C5173 /* LaunchScreen.storyboard in Resources */,
				591487272A9BB2C0001C5173 /* Assets.xcassets in Resources */,
			);
			runOnlyForDeploymentPostprocessing = 0;
		};
/* End PBXResourcesBuildPhase section */

/* Begin PBXSourcesBuildPhase section */
		591487162A9BB2BE001C5173 /* Sources */ = {
			isa = PBXSourcesBuildPhase;
			buildActionMask = 2147483647;
			files = (
				591487432A9E1D21001C5173 /* CustomAlertView.swift in Sources */,
				591487362A9CD778001C5173 /* CardViewController.swift in Sources */,
				591487222A9BB2BE001C5173 /* ViewController.swift in Sources */,
				591487472A9E3886001C5173 /* ColorConstants.swift in Sources */,
				591487322A9CAC5A001C5173 /* CustomCollectionCell.swift in Sources */,
				5914873C2A9DE87E001C5173 /* AdModel.swift in Sources */,
				591487452A9E2E73001C5173 /* ImageLoader.swift in Sources */,
				5914871E2A9BB2BE001C5173 /* AppDelegate.swift in Sources */,
				5914873E2A9DF14B001C5173 /* CardModel.swift in Sources */,
				591487392A9DE5CC001C5173 /* NetworkService.swift in Sources */,
				591487202A9BB2BE001C5173 /* SceneDelegate.swift in Sources */,
				591487402A9E1961001C5173 /* AlertFactory.swift in Sources */,
			);
			runOnlyForDeploymentPostprocessing = 0;
		};
/* End PBXSourcesBuildPhase section */

/* Begin PBXVariantGroup section */
		591487282A9BB2C0001C5173 /* LaunchScreen.storyboard */ = {
			isa = PBXVariantGroup;
			children = (
				591487292A9BB2C0001C5173 /* Base */,
			);
			name = LaunchScreen.storyboard;
			sourceTree = "<group>";
		};
/* End PBXVariantGroup section */

/* Begin XCBuildConfiguration section */
		5914872C2A9BB2C0001C5173 /* Debug */ = {
			isa = XCBuildConfiguration;
			buildSettings = {
				ALWAYS_SEARCH_USER_PATHS = NO;
				CLANG_ANALYZER_NONNULL = YES;
				CLANG_ANALYZER_NUMBER_OBJECT_CONVERSION = YES_AGGRESSIVE;
				CLANG_CXX_LANGUAGE_STANDARD = "gnu++20";
				CLANG_ENABLE_MODULES = YES;
				CLANG_ENABLE_OBJC_ARC = YES;
				CLANG_ENABLE_OBJC_WEAK = YES;
				CLANG_WARN_BLOCK_CAPTURE_AUTORELEASING = YES;
				CLANG_WARN_BOOL_CONVERSION = YES;
				CLANG_WARN_COMMA = YES;
				CLANG_WARN_CONSTANT_CONVERSION = YES;
				CLANG_WARN_DEPRECATED_OBJC_IMPLEMENTATIONS = YES;
				CLANG_WARN_DIRECT_OBJC_ISA_USAGE = YES_ERROR;
				CLANG_WARN_DOCUMENTATION_COMMENTS = YES;
				CLANG_WARN_EMPTY_BODY = YES;
				CLANG_WARN_ENUM_CONVERSION = YES;
				CLANG_WARN_INFINITE_RECURSION = YES;
				CLANG_WARN_INT_CONVERSION = YES;
				CLANG_WARN_NON_LITERAL_NULL_CONVERSION = YES;
				CLANG_WARN_OBJC_IMPLICIT_RETAIN_SELF = YES;
				CLANG_WARN_OBJC_LITERAL_CONVERSION = YES;
				CLANG_WARN_OBJC_ROOT_CLASS = YES_ERROR;
				CLANG_WARN_QUOTED_INCLUDE_IN_FRAMEWORK_HEADER = YES;
				CLANG_WARN_RANGE_LOOP_ANALYSIS = YES;
				CLANG_WARN_STRICT_PROTOTYPES = YES;
				CLANG_WARN_SUSPICIOUS_MOVE = YES;
				CLANG_WARN_UNGUARDED_AVAILABILITY = YES_AGGRESSIVE;
				CLANG_WARN_UNREACHABLE_CODE = YES;
				CLANG_WARN__DUPLICATE_METHOD_MATCH = YES;
				COPY_PHASE_STRIP = NO;
				DEBUG_INFORMATION_FORMAT = dwarf;
				ENABLE_STRICT_OBJC_MSGSEND = YES;
				ENABLE_TESTABILITY = YES;
				GCC_C_LANGUAGE_STANDARD = gnu11;
				GCC_DYNAMIC_NO_PIC = NO;
				GCC_NO_COMMON_BLOCKS = YES;
				GCC_OPTIMIZATION_LEVEL = 0;
				GCC_PREPROCESSOR_DEFINITIONS = (
					"DEBUG=1",
					"$(inherited)",
				);
				GCC_WARN_64_TO_32_BIT_CONVERSION = YES;
				GCC_WARN_ABOUT_RETURN_TYPE = YES_ERROR;
				GCC_WARN_UNDECLARED_SELECTOR = YES;
				GCC_WARN_UNINITIALIZED_AUTOS = YES_AGGRESSIVE;
				GCC_WARN_UNUSED_FUNCTION = YES;
				GCC_WARN_UNUSED_VARIABLE = YES;
				IPHONEOS_DEPLOYMENT_TARGET = 16.4;
				MTL_ENABLE_DEBUG_INFO = INCLUDE_SOURCE;
				MTL_FAST_MATH = YES;
				ONLY_ACTIVE_ARCH = YES;
				SDKROOT = iphoneos;
				SWIFT_ACTIVE_COMPILATION_CONDITIONS = DEBUG;
				SWIFT_OPTIMIZATION_LEVEL = "-Onone";
			};
			name = Debug;
		};
		5914872D2A9BB2C0001C5173 /* Release */ = {
			isa = XCBuildConfiguration;
			buildSettings = {
				ALWAYS_SEARCH_USER_PATHS = NO;
				CLANG_ANALYZER_NONNULL = YES;
				CLANG_ANALYZER_NUMBER_OBJECT_CONVERSION = YES_AGGRESSIVE;
				CLANG_CXX_LANGUAGE_STANDARD = "gnu++20";
				CLANG_ENABLE_MODULES = YES;
				CLANG_ENABLE_OBJC_ARC = YES;
				CLANG_ENABLE_OBJC_WEAK = YES;
				CLANG_WARN_BLOCK_CAPTURE_AUTORELEASING = YES;
				CLANG_WARN_BOOL_CONVERSION = YES;
				CLANG_WARN_COMMA = YES;
				CLANG_WARN_CONSTANT_CONVERSION = YES;
				CLANG_WARN_DEPRECATED_OBJC_IMPLEMENTATIONS = YES;
				CLANG_WARN_DIRECT_OBJC_ISA_USAGE = YES_ERROR;
				CLANG_WARN_DOCUMENTATION_COMMENTS = YES;
				CLANG_WARN_EMPTY_BODY = YES;
				CLANG_WARN_ENUM_CONVERSION = YES;
				CLANG_WARN_INFINITE_RECURSION = YES;
				CLANG_WARN_INT_CONVERSION = YES;
				CLANG_WARN_NON_LITERAL_NULL_CONVERSION = YES;
				CLANG_WARN_OBJC_IMPLICIT_RETAIN_SELF = YES;
				CLANG_WARN_OBJC_LITERAL_CONVERSION = YES;
				CLANG_WARN_OBJC_ROOT_CLASS = YES_ERROR;
				CLANG_WARN_QUOTED_INCLUDE_IN_FRAMEWORK_HEADER = YES;
				CLANG_WARN_RANGE_LOOP_ANALYSIS = YES;
				CLANG_WARN_STRICT_PROTOTYPES = YES;
				CLANG_WARN_SUSPICIOUS_MOVE = YES;
				CLANG_WARN_UNGUARDED_AVAILABILITY = YES_AGGRESSIVE;
				CLANG_WARN_UNREACHABLE_CODE = YES;
				CLANG_WARN__DUPLICATE_METHOD_MATCH = YES;
				COPY_PHASE_STRIP = NO;
				DEBUG_INFORMATION_FORMAT = "dwarf-with-dsym";
				ENABLE_NS_ASSERTIONS = NO;
				ENABLE_STRICT_OBJC_MSGSEND = YES;
				GCC_C_LANGUAGE_STANDARD = gnu11;
				GCC_NO_COMMON_BLOCKS = YES;
				GCC_WARN_64_TO_32_BIT_CONVERSION = YES;
				GCC_WARN_ABOUT_RETURN_TYPE = YES_ERROR;
				GCC_WARN_UNDECLARED_SELECTOR = YES;
				GCC_WARN_UNINITIALIZED_AUTOS = YES_AGGRESSIVE;
				GCC_WARN_UNUSED_FUNCTION = YES;
				GCC_WARN_UNUSED_VARIABLE = YES;
				IPHONEOS_DEPLOYMENT_TARGET = 16.4;
				MTL_ENABLE_DEBUG_INFO = NO;
				MTL_FAST_MATH = YES;
				SDKROOT = iphoneos;
				SWIFT_COMPILATION_MODE = wholemodule;
				SWIFT_OPTIMIZATION_LEVEL = "-O";
				VALIDATE_PRODUCT = YES;
			};
			name = Release;
		};
		5914872F2A9BB2C0001C5173 /* Debug */ = {
			isa = XCBuildConfiguration;
			buildSettings = {
				ASSETCATALOG_COMPILER_APPICON_NAME = AppIcon;
				ASSETCATALOG_COMPILER_GLOBAL_ACCENT_COLOR_NAME = AccentColor;
				CODE_SIGN_STYLE = Automatic;
				CURRENT_PROJECT_VERSION = 1;
				GENERATE_INFOPLIST_FILE = YES;
				INFOPLIST_FILE = AvitoTest/Info.plist;
				INFOPLIST_KEY_UIApplicationSupportsIndirectInputEvents = YES;
				INFOPLIST_KEY_UILaunchStoryboardName = LaunchScreen;
				INFOPLIST_KEY_UISupportedInterfaceOrientations_iPad = "UIInterfaceOrientationPortrait UIInterfaceOrientationPortraitUpsideDown UIInterfaceOrientationLandscapeLeft UIInterfaceOrientationLandscapeRight";
				INFOPLIST_KEY_UISupportedInterfaceOrientations_iPhone = "UIInterfaceOrientationPortrait UIInterfaceOrientationLandscapeLeft UIInterfaceOrientationLandscapeRight";
				LD_RUNPATH_SEARCH_PATHS = (
					"$(inherited)",
					"@executable_path/Frameworks",
				);
				MARKETING_VERSION = 1.0;
				PRODUCT_BUNDLE_IDENTIFIER = "-.AvitoTest";
				PRODUCT_NAME = "$(TARGET_NAME)";
				SWIFT_EMIT_LOC_STRINGS = YES;
				SWIFT_VERSION = 5.0;
				TARGETED_DEVICE_FAMILY = "1,2";
			};
			name = Debug;
		};
		591487302A9BB2C0001C5173 /* Release */ = {
			isa = XCBuildConfiguration;
			buildSettings = {
				ASSETCATALOG_COMPILER_APPICON_NAME = AppIcon;
				ASSETCATALOG_COMPILER_GLOBAL_ACCENT_COLOR_NAME = AccentColor;
				CODE_SIGN_STYLE = Automatic;
				CURRENT_PROJECT_VERSION = 1;
				GENERATE_INFOPLIST_FILE = YES;
				INFOPLIST_FILE = AvitoTest/Info.plist;
				INFOPLIST_KEY_UIApplicationSupportsIndirectInputEvents = YES;
				INFOPLIST_KEY_UILaunchStoryboardName = LaunchScreen;
				INFOPLIST_KEY_UISupportedInterfaceOrientations_iPad = "UIInterfaceOrientationPortrait UIInterfaceOrientationPortraitUpsideDown UIInterfaceOrientationLandscapeLeft UIInterfaceOrientationLandscapeRight";
				INFOPLIST_KEY_UISupportedInterfaceOrientations_iPhone = "UIInterfaceOrientationPortrait UIInterfaceOrientationLandscapeLeft UIInterfaceOrientationLandscapeRight";
				LD_RUNPATH_SEARCH_PATHS = (
					"$(inherited)",
					"@executable_path/Frameworks",
				);
				MARKETING_VERSION = 1.0;
				PRODUCT_BUNDLE_IDENTIFIER = "-.AvitoTest";
				PRODUCT_NAME = "$(TARGET_NAME)";
				SWIFT_EMIT_LOC_STRINGS = YES;
				SWIFT_VERSION = 5.0;
				TARGETED_DEVICE_FAMILY = "1,2";
			};
			name = Release;
		};
/* End XCBuildConfiguration section */

/* Begin XCConfigurationList section */
		591487152A9BB2BE001C5173 /* Build configuration list for PBXProject "AvitoTest" */ = {
			isa = XCConfigurationList;
			buildConfigurations = (
				5914872C2A9BB2C0001C5173 /* Debug */,
				5914872D2A9BB2C0001C5173 /* Release */,
			);
			defaultConfigurationIsVisible = 0;
			defaultConfigurationName = Release;
		};
		5914872E2A9BB2C0001C5173 /* Build configuration list for PBXNativeTarget "AvitoTest" */ = {
			isa = XCConfigurationList;
			buildConfigurations = (
				5914872F2A9BB2C0001C5173 /* Debug */,
				591487302A9BB2C0001C5173 /* Release */,
			);
			defaultConfigurationIsVisible = 0;
			defaultConfigurationName = Release;
		};
/* End XCConfigurationList section */
	};
	rootObject = 591487122A9BB2BE001C5173 /* Project object */;
}
